# This file is automatically @generated by Cargo.
# It is not intended for manual editing.
version = 4

[[package]]
name = "anyhow"
version = "1.0.98"
source = "registry+https://github.com/rust-lang/crates.io-index"
checksum = "e16d2d3311acee920a9eb8d33b8cbc1787ce4a264e85f964c2404b969bdcd487"

[[package]]
name = "create_main_page"
version = "0.1.0"
dependencies = [
 "anyhow",
 "html",
]

[[package]]
name = "html"
version = "0.6.3"
source = "registry+https://github.com/rust-lang/crates.io-index"
checksum = "944d7db81871c611549302f3014418fedbcfbc46902f97e6a1c4f53e785903d2"
dependencies = [
 "html-sys",
]

[[package]]
name = "html-sys"
version = "0.4.3"
source = "registry+https://github.com/rust-lang/crates.io-index"
checksum = "13eca55667a5657dd1b86db77c5fe2d1810e3f9413e9555a2c4c461733dd2573"
